
Microsoft Visual Studio Solution File, Format Version 12.00
# Visual Studio 2012
Project("{FAE04EC0-301F-11D3-BF4B-00C04F79EFBC}") = "MyDeck.Web", "MyDeck.Web\MyDeck.Web.csproj", "{929CE49F-C9E8-4541-B9E5-D191388C3B43}"
EndProject
Project("{FAE04EC0-301F-11D3-BF4B-00C04F79EFBC}") = "MyDeck.Web.Tests", "MyDeck.Web.Tests\MyDeck.Web.Tests.csproj", "{2B79906D-374D-4A84-AFD2-362E48ECEDAE}"
EndProject
Global
	GlobalSection(SolutionConfigurationPlatforms) = preSolution
		Debug|Any CPU = Debug|Any CPU
		Release|Any CPU = Release|Any CPU
	EndGlobalSection
	GlobalSection(ProjectConfigurationPlatforms) = postSolution
		{929CE49F-C9E8-4541-B9E5-D191388C3B43}.Debug|Any CPU.ActiveCfg = Debug|Any CPU
		{929CE49F-C9E8-4541-B9E5-D191388C3B43}.Debug|Any CPU.Build.0 = Debug|Any CPU
		{929CE49F-C9E8-4541-B9E5-D191388C3B43}.Release|Any CPU.ActiveCfg = Release|Any CPU
		{929CE49F-C9E8-4541-B9E5-D191388C3B43}.Release|Any CPU.Build.0 = Release|Any CPU
		{2B79906D-374D-4A84-AFD2-362E48ECEDAE}.Debug|Any CPU.ActiveCfg = Debug|Any CPU
		{2B79906D-374D-4A84-AFD2-362E48ECEDAE}.Debug|Any CPU.Build.0 = Debug|Any CPU
		{2B79906D-374D-4A84-AFD2-362E48ECEDAE}.Release|Any CPU.ActiveCfg = Release|Any CPU
		{2B79906D-374D-4A84-AFD2-362E48ECEDAE}.Release|Any CPU.Build.0 = Release|Any CPU
	EndGlobalSection
	GlobalSection(SolutionProperties) = preSolution
		HideSolutionNode = FALSE
	EndGlobalSection
EndGlobal
